// !$*UTF8*$!
{
	archiveVersion = 1;
	classes = {
	};
	objectVersion = 50;
	objects = {

/* Begin PBXBuildFile section */
		B0F106AB209DE0C700F51CB5 /* AppDelegate.swift in Sources */ = {isa = PBXBuildFile; fileRef = B0F106AA209DE0C700F51CB5 /* AppDelegate.swift */; };
		B0F106AD209DE0C700F51CB5 /* ViewController.swift in Sources */ = {isa = PBXBuildFile; fileRef = B0F106AC209DE0C700F51CB5 /* ViewController.swift */; };
		B0F106B0209DE0C700F51CB5 /* Tab_Viewer.xcdatamodeld in Sources */ = {isa = PBXBuildFile; fileRef = B0F106AE209DE0C700F51CB5 /* Tab_Viewer.xcdatamodeld */; };
		B0F106B2209DE0D300F51CB5 /* Assets.xcassets in Resources */ = {isa = PBXBuildFile; fileRef = B0F106B1209DE0D300F51CB5 /* Assets.xcassets */; };
		B0F106B5209DE0D300F51CB5 /* Main.storyboard in Resources */ = {isa = PBXBuildFile; fileRef = B0F106B3209DE0D300F51CB5 /* Main.storyboard */; };
		B0F106C1209DE0D300F51CB5 /* Tab_ViewerTests.swift in Sources */ = {isa = PBXBuildFile; fileRef = B0F106C0209DE0D300F51CB5 /* Tab_ViewerTests.swift */; };
		B0F106CC209DE0D300F51CB5 /* Tab_ViewerUITests.swift in Sources */ = {isa = PBXBuildFile; fileRef = B0F106CB209DE0D300F51CB5 /* Tab_ViewerUITests.swift */; };
/* End PBXBuildFile section */

/* Begin PBXContainerItemProxy section */
		B0F106BD209DE0D300F51CB5 /* PBXContainerItemProxy */ = {
			isa = PBXContainerItemProxy;
			containerPortal = B0F1069F209DE0C600F51CB5 /* Project object */;
			proxyType = 1;
			remoteGlobalIDString = B0F106A6209DE0C700F51CB5;
			remoteInfo = "Tab Viewer";
		};
		B0F106C8209DE0D300F51CB5 /* PBXContainerItemProxy */ = {
			isa = PBXContainerItemProxy;
			containerPortal = B0F1069F209DE0C600F51CB5 /* Project object */;
			proxyType = 1;
			remoteGlobalIDString = B0F106A6209DE0C700F51CB5;
			remoteInfo = "Tab Viewer";
		};
/* End PBXContainerItemProxy section */

/* Begin PBXFileReference section */
		B0F106A7209DE0C700F51CB5 /* Tab Viewer.app */ = {isa = PBXFileReference; explicitFileType = wrapper.application; includeInIndex = 0; path = "Tab Viewer.app"; sourceTree = BUILT_PRODUCTS_DIR; };
		B0F106AA209DE0C700F51CB5 /* AppDelegate.swift */ = {isa = PBXFileReference; lastKnownFileType = sourcecode.swift; path = AppDelegate.swift; sourceTree = "<group>"; };
		B0F106AC209DE0C700F51CB5 /* ViewController.swift */ = {isa = PBXFileReference; lastKnownFileType = sourcecode.swift; path = ViewController.swift; sourceTree = "<group>"; };
		B0F106AF209DE0C700F51CB5 /* Tab_Viewer.xcdatamodel */ = {isa = PBXFileReference; lastKnownFileType = wrapper.xcdatamodel; path = Tab_Viewer.xcdatamodel; sourceTree = "<group>"; };
		B0F106B1209DE0D300F51CB5 /* Assets.xcassets */ = {isa = PBXFileReference; lastKnownFileType = folder.assetcatalog; path = Assets.xcassets; sourceTree = "<group>"; };
		B0F106B4209DE0D300F51CB5 /* Base */ = {isa = PBXFileReference; lastKnownFileType = file.storyboard; name = Base; path = Base.lproj/Main.storyboard; sourceTree = "<group>"; };
		B0F106B6209DE0D300F51CB5 /* Info.plist */ = {isa = PBXFileReference; lastKnownFileType = text.plist.xml; path = Info.plist; sourceTree = "<group>"; };
		B0F106B7209DE0D300F51CB5 /* Tab_Viewer.entitlements */ = {isa = PBXFileReference; lastKnownFileType = text.plist.entitlements; path = Tab_Viewer.entitlements; sourceTree = "<group>"; };
		B0F106BC209DE0D300F51CB5 /* Tab ViewerTests.xctest */ = {isa = PBXFileReference; explicitFileType = wrapper.cfbundle; includeInIndex = 0; path = "Tab ViewerTests.xctest"; sourceTree = BUILT_PRODUCTS_DIR; };
		B0F106C0209DE0D300F51CB5 /* Tab_ViewerTests.swift */ = {isa = PBXFileReference; lastKnownFileType = sourcecode.swift; path = Tab_ViewerTests.swift; sourceTree = "<group>"; };
		B0F106C2209DE0D300F51CB5 /* Info.plist */ = {isa = PBXFileReference; lastKnownFileType = text.plist.xml; path = Info.plist; sourceTree = "<group>"; };
		B0F106C7209DE0D300F51CB5 /* Tab ViewerUITests.xctest */ = {isa = PBXFileReference; explicitFileType = wrapper.cfbundle; includeInIndex = 0; path = "Tab ViewerUITests.xctest"; sourceTree = BUILT_PRODUCTS_DIR; };
		B0F106CB209DE0D300F51CB5 /* Tab_ViewerUITests.swift */ = {isa = PBXFileReference; lastKnownFileType = sourcecode.swift; path = Tab_ViewerUITests.swift; sourceTree = "<group>"; };
		B0F106CD209DE0D300F51CB5 /* Info.plist */ = {isa = PBXFileReference; lastKnownFileType = text.plist.xml; path = Info.plist; sourceTree = "<group>"; };
/* End PBXFileReference section */

/* Begin PBXFrameworksBuildPhase section */
		B0F106A4209DE0C700F51CB5 /* Frameworks */ = {
			isa = PBXFrameworksBuildPhase;
			buildActionMask = 2147483647;
			files = (
			);
			runOnlyForDeploymentPostprocessing = 0;
		};
		B0F106B9209DE0D300F51CB5 /* Frameworks */ = {
			isa = PBXFrameworksBuildPhase;
			buildActionMask = 2147483647;
			files = (
			);
			runOnlyForDeploymentPostprocessing = 0;
		};
		B0F106C4209DE0D300F51CB5 /* Frameworks */ = {
			isa = PBXFrameworksBuildPhase;
			buildActionMask = 2147483647;
			files = (
			);
			runOnlyForDeploymentPostprocessing = 0;
		};
/* End PBXFrameworksBuildPhase section */

/* Begin PBXGroup section */
		B0F1069E209DE0C600F51CB5 = {
			isa = PBXGroup;
			children = (
				B0F106A9209DE0C700F51CB5 /* Tab Viewer */,
				B0F106BF209DE0D300F51CB5 /* Tab ViewerTests */,
				B0F106CA209DE0D300F51CB5 /* Tab ViewerUITests */,
				B0F106A8209DE0C700F51CB5 /* Products */,
			);
			sourceTree = "<group>";
		};
		B0F106A8209DE0C700F51CB5 /* Products */ = {
			isa = PBXGroup;
			children = (
				B0F106A7209DE0C700F51CB5 /* Tab Viewer.app */,
				B0F106BC209DE0D300F51CB5 /* Tab ViewerTests.xctest */,
				B0F106C7209DE0D300F51CB5 /* Tab ViewerUITests.xctest */,
			);
			name = Products;
			sourceTree = "<group>";
		};
		B0F106A9209DE0C700F51CB5 /* Tab Viewer */ = {
			isa = PBXGroup;
			children = (
				B0F106AA209DE0C700F51CB5 /* AppDelegate.swift */,
				B0F106AC209DE0C700F51CB5 /* ViewController.swift */,
				B0F106B1209DE0D300F51CB5 /* Assets.xcassets */,
				B0F106B3209DE0D300F51CB5 /* Main.storyboard */,
				B0F106B6209DE0D300F51CB5 /* Info.plist */,
				B0F106B7209DE0D300F51CB5 /* Tab_Viewer.entitlements */,
				B0F106AE209DE0C700F51CB5 /* Tab_Viewer.xcdatamodeld */,
			);
			path = "Tab Viewer";
			sourceTree = "<group>";
		};
		B0F106BF209DE0D300F51CB5 /* Tab ViewerTests */ = {
			isa = PBXGroup;
			children = (
				B0F106C0209DE0D300F51CB5 /* Tab_ViewerTests.swift */,
				B0F106C2209DE0D300F51CB5 /* Info.plist */,
			);
			path = "Tab ViewerTests";
			sourceTree = "<group>";
		};
		B0F106CA209DE0D300F51CB5 /* Tab ViewerUITests */ = {
			isa = PBXGroup;
			children = (
				B0F106CB209DE0D300F51CB5 /* Tab_ViewerUITests.swift */,
				B0F106CD209DE0D300F51CB5 /* Info.plist */,
			);
			path = "Tab ViewerUITests";
			sourceTree = "<group>";
		};
/* End PBXGroup section */

/* Begin PBXNativeTarget section */
		B0F106A6209DE0C700F51CB5 /* Tab Viewer */ = {
			isa = PBXNativeTarget;
			buildConfigurationList = B0F106D0209DE0D300F51CB5 /* Build configuration list for PBXNativeTarget "Tab Viewer" */;
			buildPhases = (
				B0F106A3209DE0C700F51CB5 /* Sources */,
				B0F106A4209DE0C700F51CB5 /* Frameworks */,
				B0F106A5209DE0C700F51CB5 /* Resources */,
			);
			buildRules = (
			);
			dependencies = (
			);
			name = "Tab Viewer";
			productName = "Tab Viewer";
			productReference = B0F106A7209DE0C700F51CB5 /* Tab Viewer.app */;
			productType = "com.apple.product-type.application";
		};
		B0F106BB209DE0D300F51CB5 /* Tab ViewerTests */ = {
			isa = PBXNativeTarget;
			buildConfigurationList = B0F106D3209DE0D300F51CB5 /* Build configuration list for PBXNativeTarget "Tab ViewerTests" */;
			buildPhases = (
				B0F106B8209DE0D300F51CB5 /* Sources */,
				B0F106B9209DE0D300F51CB5 /* Frameworks */,
				B0F106BA209DE0D300F51CB5 /* Resources */,
			);
			buildRules = (
			);
			dependencies = (
				B0F106BE209DE0D300F51CB5 /* PBXTargetDependency */,
			);
			name = "Tab ViewerTests";
			productName = "Tab ViewerTests";
			productReference = B0F106BC209DE0D300F51CB5 /* Tab ViewerTests.xctest */;
			productType = "com.apple.product-type.bundle.unit-test";
		};
		B0F106C6209DE0D300F51CB5 /* Tab ViewerUITests */ = {
			isa = PBXNativeTarget;
			buildConfigurationList = B0F106D6209DE0D300F51CB5 /* Build configuration list for PBXNativeTarget "Tab ViewerUITests" */;
			buildPhases = (
				B0F106C3209DE0D300F51CB5 /* Sources */,
				B0F106C4209DE0D300F51CB5 /* Frameworks */,
				B0F106C5209DE0D300F51CB5 /* Resources */,
			);
			buildRules = (
			);
			dependencies = (
				B0F106C9209DE0D300F51CB5 /* PBXTargetDependency */,
			);
			name = "Tab ViewerUITests";
			productName = "Tab ViewerUITests";
			productReference = B0F106C7209DE0D300F51CB5 /* Tab ViewerUITests.xctest */;
			productType = "com.apple.product-type.bundle.ui-testing";
		};
/* End PBXNativeTarget section */

/* Begin PBXProject section */
		B0F1069F209DE0C600F51CB5 /* Project object */ = {
			isa = PBXProject;
			attributes = {
				LastSwiftUpdateCheck = 0930;
				LastUpgradeCheck = 0930;
				ORGANIZATIONNAME = "Zac Garby";
				TargetAttributes = {
					B0F106A6209DE0C700F51CB5 = {
						CreatedOnToolsVersion = 9.3;
					};
					B0F106BB209DE0D300F51CB5 = {
						CreatedOnToolsVersion = 9.3;
						TestTargetID = B0F106A6209DE0C700F51CB5;
					};
					B0F106C6209DE0D300F51CB5 = {
						CreatedOnToolsVersion = 9.3;
						TestTargetID = B0F106A6209DE0C700F51CB5;
					};
				};
			};
			buildConfigurationList = B0F106A2209DE0C600F51CB5 /* Build configuration list for PBXProject "Tab Viewer" */;
			compatibilityVersion = "Xcode 9.3";
			developmentRegion = en;
			hasScannedForEncodings = 0;
			knownRegions = (
				en,
				Base,
			);
			mainGroup = B0F1069E209DE0C600F51CB5;
			productRefGroup = B0F106A8209DE0C700F51CB5 /* Products */;
			projectDirPath = "";
			projectRoot = "";
			targets = (
				B0F106A6209DE0C700F51CB5 /* Tab Viewer */,
				B0F106BB209DE0D300F51CB5 /* Tab ViewerTests */,
				B0F106C6209DE0D300F51CB5 /* Tab ViewerUITests */,
			);
		};
/* End PBXProject section */

/* Begin PBXResourcesBuildPhase section */
		B0F106A5209DE0C700F51CB5 /* Resources */ = {
			isa = PBXResourcesBuildPhase;
			buildActionMask = 2147483647;
			files = (
				B0F106B2209DE0D300F51CB5 /* Assets.xcassets in Resources */,
				B0F106B5209DE0D300F51CB5 /* Main.storyboard in Resources */,
			);
			runOnlyForDeploymentPostprocessing = 0;
		};
		B0F106BA209DE0D300F51CB5 /* Resources */ = {
			isa = PBXResourcesBuildPhase;
			buildActionMask = 2147483647;
			files = (
			);
			runOnlyForDeploymentPostprocessing = 0;
		};
		B0F106C5209DE0D300F51CB5 /* Resources */ = {
			isa = PBXResourcesBuildPhase;
			buildActionMask = 2147483647;
			files = (
			);
			runOnlyForDeploymentPostprocessing = 0;
		};
/* End PBXResourcesBuildPhase section */

/* Begin PBXSourcesBuildPhase section */
		B0F106A3209DE0C700F51CB5 /* Sources */ = {
			isa = PBXSourcesBuildPhase;
			buildActionMask = 2147483647;
			files = (
				B0F106AD209DE0C700F51CB5 /* ViewController.swift in Sources */,
				B0F106AB209DE0C700F51CB5 /* AppDelegate.swift in Sources */,
				B0F106B0209DE0C700F51CB5 /* Tab_Viewer.xcdatamodeld in Sources */,
			);
			runOnlyForDeploymentPostprocessing = 0;
		};
		B0F106B8209DE0D300F51CB5 /* Sources */ = {
			isa = PBXSourcesBuildPhase;
			buildActionMask = 2147483647;
			files = (
				B0F106C1209DE0D300F51CB5 /* Tab_ViewerTests.swift in Sources */,
			);
			runOnlyForDeploymentPostprocessing = 0;
		};
		B0F106C3209DE0D300F51CB5 /* Sources */ = {
			isa = PBXSourcesBuildPhase;
			buildActionMask = 2147483647;
			files = (
				B0F106CC209DE0D300F51CB5 /* Tab_ViewerUITests.swift in Sources */,
			);
			runOnlyForDeploymentPostprocessing = 0;
		};
/* End PBXSourcesBuildPhase section */

/* Begin PBXTargetDependency section */
		B0F106BE209DE0D300F51CB5 /* PBXTargetDependency */ = {
			isa = PBXTargetDependency;
			target = B0F106A6209DE0C700F51CB5 /* Tab Viewer */;
			targetProxy = B0F106BD209DE0D300F51CB5 /* PBXContainerItemProxy */;
		};
		B0F106C9209DE0D300F51CB5 /* PBXTargetDependency */ = {
			isa = PBXTargetDependency;
			target = B0F106A6209DE0C700F51CB5 /* Tab Viewer */;
			targetProxy = B0F106C8209DE0D300F51CB5 /* PBXContainerItemProxy */;
		};
/* End PBXTargetDependency section */

/* Begin PBXVariantGroup section */
		B0F106B3209DE0D300F51CB5 /* Main.storyboard */ = {
			isa = PBXVariantGroup;
			children = (
				B0F106B4209DE0D300F51CB5 /* Base */,
			);
			name = Main.storyboard;
			sourceTree = "<group>";
		};
/* End PBXVariantGroup section */

/* Begin XCBuildConfiguration section */
		B0F106CE209DE0D300F51CB5 /* Debug */ = {
			isa = XCBuildConfiguration;
			buildSettings = {
				ALWAYS_SEARCH_USER_PATHS = NO;
				CLANG_ANALYZER_NONNULL = YES;
				CLANG_ANALYZER_NUMBER_OBJECT_CONVERSION = YES_AGGRESSIVE;
				CLANG_CXX_LANGUAGE_STANDARD = "gnu++14";
				CLANG_CXX_LIBRARY = "libc++";
				CLANG_ENABLE_MODULES = YES;
				CLANG_ENABLE_OBJC_ARC = YES;
				CLANG_ENABLE_OBJC_WEAK = YES;
				CLANG_WARN_BLOCK_CAPTURE_AUTORELEASING = YES;
				CLANG_WARN_BOOL_CONVERSION = YES;
				CLANG_WARN_COMMA = YES;
				CLANG_WARN_CONSTANT_CONVERSION = YES;
				CLANG_WARN_DEPRECATED_OBJC_IMPLEMENTATIONS = YES;
				CLANG_WARN_DIRECT_OBJC_ISA_USAGE = YES_ERROR;
				CLANG_WARN_DOCUMENTATION_COMMENTS = YES;
				CLANG_WARN_EMPTY_BODY = YES;
				CLANG_WARN_ENUM_CONVERSION = YES;
				CLANG_WARN_INFINITE_RECURSION = YES;
				CLANG_WARN_INT_CONVERSION = YES;
				CLANG_WARN_NON_LITERAL_NULL_CONVERSION = YES;
				CLANG_WARN_OBJC_IMPLICIT_RETAIN_SELF = YES;
				CLANG_WARN_OBJC_LITERAL_CONVERSION = YES;
				CLANG_WARN_OBJC_ROOT_CLASS = YES_ERROR;
				CLANG_WARN_RANGE_LOOP_ANALYSIS = YES;
				CLANG_WARN_STRICT_PROTOTYPES = YES;
				CLANG_WARN_SUSPICIOUS_MOVE = YES;
				CLANG_WARN_UNGUARDED_AVAILABILITY = YES_AGGRESSIVE;
				CLANG_WARN_UNREACHABLE_CODE = YES;
				CLANG_WARN__DUPLICATE_METHOD_MATCH = YES;
				CODE_SIGN_IDENTITY = "Mac Developer";
				COPY_PHASE_STRIP = NO;
				DEBUG_INFORMATION_FORMAT = dwarf;
				ENABLE_STRICT_OBJC_MSGSEND = YES;
				ENABLE_TESTABILITY = YES;
				GCC_C_LANGUAGE_STANDARD = gnu11;
				GCC_DYNAMIC_NO_PIC = NO;
				GCC_NO_COMMON_BLOCKS = YES;
				GCC_OPTIMIZATION_LEVEL = 0;
				GCC_PREPROCESSOR_DEFINITIONS = (
					"DEBUG=1",
					"$(inherited)",
				);
				GCC_WARN_64_TO_32_BIT_CONVERSION = YES;
				GCC_WARN_ABOUT_RETURN_TYPE = YES_ERROR;
				GCC_WARN_UNDECLARED_SELECTOR = YES;
				GCC_WARN_UNINITIALIZED_AUTOS = YES_AGGRESSIVE;
				GCC_WARN_UNUSED_FUNCTION = YES;
				GCC_WARN_UNUSED_VARIABLE = YES;
				MACOSX_DEPLOYMENT_TARGET = 10.13;
				MTL_ENABLE_DEBUG_INFO = YES;
				ONLY_ACTIVE_ARCH = YES;
				SDKROOT = macosx;
				SWIFT_ACTIVE_COMPILATION_CONDITIONS = DEBUG;
				SWIFT_OPTIMIZATION_LEVEL = "-Onone";
			};
			name = Debug;
		};
		B0F106CF209DE0D300F51CB5 /* Release */ = {
			isa = XCBuildConfiguration;
			buildSettings = {
				ALWAYS_SEARCH_USER_PATHS = NO;
				CLANG_ANALYZER_NONNULL = YES;
				CLANG_ANALYZER_NUMBER_OBJECT_CONVERSION = YES_AGGRESSIVE;
				CLANG_CXX_LANGUAGE_STANDARD = "gnu++14";
				CLANG_CXX_LIBRARY = "libc++";
				CLANG_ENABLE_MODULES = YES;
				CLANG_ENABLE_OBJC_ARC = YES;
				CLANG_ENABLE_OBJC_WEAK = YES;
				CLANG_WARN_BLOCK_CAPTURE_AUTORELEASING = YES;
				CLANG_WARN_BOOL_CONVERSION = YES;
				CLANG_WARN_COMMA = YES;
				CLANG_WARN_CONSTANT_CONVERSION = YES;
				CLANG_WARN_DEPRECATED_OBJC_IMPLEMENTATIONS = YES;
				CLANG_WARN_DIRECT_OBJC_ISA_USAGE = YES_ERROR;
				CLANG_WARN_DOCUMENTATION_COMMENTS = YES;
				CLANG_WARN_EMPTY_BODY = YES;
				CLANG_WARN_ENUM_CONVERSION = YES;
				CLANG_WARN_INFINITE_RECURSION = YES;
				CLANG_WARN_INT_CONVERSION = YES;
				CLANG_WARN_NON_LITERAL_NULL_CONVERSION = YES;
				CLANG_WARN_OBJC_IMPLICIT_RETAIN_SELF = YES;
				CLANG_WARN_OBJC_LITERAL_CONVERSION = YES;
				CLANG_WARN_OBJC_ROOT_CLASS = YES_ERROR;
				CLANG_WARN_RANGE_LOOP_ANALYSIS = YES;
				CLANG_WARN_STRICT_PROTOTYPES = YES;
				CLANG_WARN_SUSPICIOUS_MOVE = YES;
				CLANG_WARN_UNGUARDED_AVAILABILITY = YES_AGGRESSIVE;
				CLANG_WARN_UNREACHABLE_CODE = YES;
				CLANG_WARN__DUPLICATE_METHOD_MATCH = YES;
				CODE_SIGN_IDENTITY = "Mac Developer";
				COPY_PHASE_STRIP = NO;
				DEBUG_INFORMATION_FORMAT = "dwarf-with-dsym";
				ENABLE_NS_ASSERTIONS = NO;
				ENABLE_STRICT_OBJC_MSGSEND = YES;
				GCC_C_LANGUAGE_STANDARD = gnu11;
				GCC_NO_COMMON_BLOCKS = YES;
				GCC_WARN_64_TO_32_BIT_CONVERSION = YES;
				GCC_WARN_ABOUT_RETURN_TYPE = YES_ERROR;
				GCC_WARN_UNDECLARED_SELECTOR = YES;
				GCC_WARN_UNINITIALIZED_AUTOS = YES_AGGRESSIVE;
				GCC_WARN_UNUSED_FUNCTION = YES;
				GCC_WARN_UNUSED_VARIABLE = YES;
				MACOSX_DEPLOYMENT_TARGET = 10.13;
				MTL_ENABLE_DEBUG_INFO = NO;
				SDKROOT = macosx;
				SWIFT_COMPILATION_MODE = wholemodule;
				SWIFT_OPTIMIZATION_LEVEL = "-O";
			};
			name = Release;
		};
		B0F106D1209DE0D300F51CB5 /* Debug */ = {
			isa = XCBuildConfiguration;
			buildSettings = {
				ASSETCATALOG_COMPILER_APPICON_NAME = AppIcon;
				CODE_SIGN_ENTITLEMENTS = "Tab Viewer/Tab_Viewer.entitlements";
				CODE_SIGN_STYLE = Automatic;
				COMBINE_HIDPI_IMAGES = YES;
				DEVELOPMENT_TEAM = ZX7M3HPXGX;
				INFOPLIST_FILE = "Tab Viewer/Info.plist";
				LD_RUNPATH_SEARCH_PATHS = (
					"$(inherited)",
					"@executable_path/../Frameworks",
				);
				PRODUCT_BUNDLE_IDENTIFIER = "uk.co.zacgarby.Tab-Viewer";
				PRODUCT_NAME = "$(TARGET_NAME)";
				SWIFT_VERSION = 4.0;
			};
			name = Debug;
		};
		B0F106D2209DE0D300F51CB5 /* Release */ = {
			isa = XCBuildConfiguration;
			buildSettings = {
				ASSETCATALOG_COMPILER_APPICON_NAME = AppIcon;
				CODE_SIGN_ENTITLEMENTS = "Tab Viewer/Tab_Viewer.entitlements";
				CODE_SIGN_STYLE = Automatic;
				COMBINE_HIDPI_IMAGES = YES;
				DEVELOPMENT_TEAM = ZX7M3HPXGX;
				INFOPLIST_FILE = "Tab Viewer/Info.plist";
				LD_RUNPATH_SEARCH_PATHS = (
					"$(inherited)",
					"@executable_path/../Frameworks",
				);
				PRODUCT_BUNDLE_IDENTIFIER = "uk.co.zacgarby.Tab-Viewer";
				PRODUCT_NAME = "$(TARGET_NAME)";
				SWIFT_VERSION = 4.0;
			};
			name = Release;
		};
		B0F106D4209DE0D300F51CB5 /* Debug */ = {
			isa = XCBuildConfiguration;
			buildSettings = {
				ALWAYS_EMBED_SWIFT_STANDARD_LIBRARIES = YES;
				BUNDLE_LOADER = "$(TEST_HOST)";
				CODE_SIGN_STYLE = Automatic;
				COMBINE_HIDPI_IMAGES = YES;
				DEVELOPMENT_TEAM = ZX7M3HPXGX;
				INFOPLIST_FILE = "Tab ViewerTests/Info.plist";
				LD_RUNPATH_SEARCH_PATHS = (
					"$(inherited)",
					"@executable_path/../Frameworks",
					"@loader_path/../Frameworks",
				);
				PRODUCT_BUNDLE_IDENTIFIER = "uk.co.zacgarby.Tab-ViewerTests";
				PRODUCT_NAME = "$(TARGET_NAME)";
				SWIFT_VERSION = 4.0;
				TEST_HOST = "$(BUILT_PRODUCTS_DIR)/Tab Viewer.app/Contents/MacOS/Tab Viewer";
			};
			name = Debug;
		};
		B0F106D5209DE0D300F51CB5 /* Release */ = {
			isa = XCBuildConfiguration;
			buildSettings = {
				ALWAYS_EMBED_SWIFT_STANDARD_LIBRARIES = YES;
				BUNDLE_LOADER = "$(TEST_HOST)";
				CODE_SIGN_STYLE = Automatic;
				COMBINE_HIDPI_IMAGES = YES;
				DEVELOPMENT_TEAM = ZX7M3HPXGX;
				INFOPLIST_FILE = "Tab ViewerTests/Info.plist";
				LD_RUNPATH_SEARCH_PATHS = (
					"$(inherited)",
					"@executable_path/../Frameworks",
					"@loader_path/../Frameworks",
				);
				PRODUCT_BUNDLE_IDENTIFIER = "uk.co.zacgarby.Tab-ViewerTests";
				PRODUCT_NAME = "$(TARGET_NAME)";
				SWIFT_VERSION = 4.0;
				TEST_HOST = "$(BUILT_PRODUCTS_DIR)/Tab Viewer.app/Contents/MacOS/Tab Viewer";
			};
			name = Release;
		};
		B0F106D7209DE0D300F51CB5 /* Debug */ = {
			isa = XCBuildConfiguration;
			buildSettings = {
				ALWAYS_EMBED_SWIFT_STANDARD_LIBRARIES = YES;
				CODE_SIGN_STYLE = Automatic;
				COMBINE_HIDPI_IMAGES = YES;
				DEVELOPMENT_TEAM = ZX7M3HPXGX;
				INFOPLIST_FILE = "Tab ViewerUITests/Info.plist";
				LD_RUNPATH_SEARCH_PATHS = (
					"$(inherited)",
					"@executable_path/../Frameworks",
					"@loader_path/../Frameworks",
				);
				PRODUCT_BUNDLE_IDENTIFIER = "uk.co.zacgarby.Tab-ViewerUITests";
				PRODUCT_NAME = "$(TARGET_NAME)";
				SWIFT_VERSION = 4.0;
				TEST_TARGET_NAME = "Tab Viewer";
			};
			name = Debug;
		};
		B0F106D8209DE0D300F51CB5 /* Release */ = {
			isa = XCBuildConfiguration;
			buildSettings = {
				ALWAYS_EMBED_SWIFT_STANDARD_LIBRARIES = YES;
				CODE_SIGN_STYLE = Automatic;
				COMBINE_HIDPI_IMAGES = YES;
				DEVELOPMENT_TEAM = ZX7M3HPXGX;
				INFOPLIST_FILE = "Tab ViewerUITests/Info.plist";
				LD_RUNPATH_SEARCH_PATHS = (
					"$(inherited)",
					"@executable_path/../Frameworks",
					"@loader_path/../Frameworks",
				);
				PRODUCT_BUNDLE_IDENTIFIER = "uk.co.zacgarby.Tab-ViewerUITests";
				PRODUCT_NAME = "$(TARGET_NAME)";
				SWIFT_VERSION = 4.0;
				TEST_TARGET_NAME = "Tab Viewer";
			};
			name = Release;
		};
/* End XCBuildConfiguration section */

/* Begin XCConfigurationList section */
		B0F106A2209DE0C600F51CB5 /* Build configuration list for PBXProject "Tab Viewer" */ = {
			isa = XCConfigurationList;
			buildConfigurations = (
				B0F106CE209DE0D300F51CB5 /* Debug */,
				B0F106CF209DE0D300F51CB5 /* Release */,
			);
			defaultConfigurationIsVisible = 0;
			defaultConfigurationName = Release;
		};
		B0F106D0209DE0D300F51CB5 /* Build configuration list for PBXNativeTarget "Tab Viewer" */ = {
			isa = XCConfigurationList;
			buildConfigurations = (
				B0F106D1209DE0D300F51CB5 /* Debug */,
				B0F106D2209DE0D300F51CB5 /* Release */,
			);
			defaultConfigurationIsVisible = 0;
			defaultConfigurationName = Release;
		};
		B0F106D3209DE0D300F51CB5 /* Build configuration list for PBXNativeTarget "Tab ViewerTests" */ = {
			isa = XCConfigurationList;
			buildConfigurations = (
				B0F106D4209DE0D300F51CB5 /* Debug */,
				B0F106D5209DE0D300F51CB5 /* Release */,
			);
			defaultConfigurationIsVisible = 0;
			defaultConfigurationName = Release;
		};
		B0F106D6209DE0D300F51CB5 /* Build configuration list for PBXNativeTarget "Tab ViewerUITests" */ = {
			isa = XCConfigurationList;
			buildConfigurations = (
				B0F106D7209DE0D300F51CB5 /* Debug */,
				B0F106D8209DE0D300F51CB5 /* Release */,
			);
			defaultConfigurationIsVisible = 0;
			defaultConfigurationName = Release;
		};
/* End XCConfigurationList section */

/* Begin XCVersionGroup section */
		B0F106AE209DE0C700F51CB5 /* Tab_Viewer.xcdatamodeld */ = {
			isa = XCVersionGroup;
			children = (
				B0F106AF209DE0C700F51CB5 /* Tab_Viewer.xcdatamodel */,
			);
			currentVersion = B0F106AF209DE0C700F51CB5 /* Tab_Viewer.xcdatamodel */;
			path = Tab_Viewer.xcdatamodeld;
			sourceTree = "<group>";
			versionGroupType = wrapper.xcdatamodel;
		};
/* End XCVersionGroup section */
	};
	rootObject = B0F1069F209DE0C600F51CB5 /* Project object */;
}
